[[package]]
name = "bitflags"
version = "1.0.4"
source = "registry+https://github.com/rust-lang/crates.io-index"

[[package]]
name = "bn"
version = "0.4.4"
source = "git+https://github.com/paritytech/bn#2a71dbde5ca93451c8da2135767896a64483759e"
dependencies = [
 "byteorder 1.3.1 (registry+https://github.com/rust-lang/crates.io-index)",
 "crunchy 0.2.1 (registry+https://github.com/rust-lang/crates.io-index)",
 "rand 0.5.6 (registry+https://github.com/rust-lang/crates.io-index)",
]

[[package]]
name = "byteorder"
version = "1.3.1"
source = "registry+https://github.com/rust-lang/crates.io-index"

[[package]]
name = "cfg-if"
version = "0.1.6"
source = "registry+https://github.com/rust-lang/crates.io-index"

[[package]]
name = "cloudabi"
version = "0.0.3"
source = "registry+https://github.com/rust-lang/crates.io-index"
dependencies = [
 "bitflags 1.0.4 (registry+https://github.com/rust-lang/crates.io-index)",
]

[[package]]
name = "crunchy"
version = "0.1.6"
source = "registry+https://github.com/rust-lang/crates.io-index"

[[package]]
name = "crunchy"
version = "0.2.1"
source = "registry+https://github.com/rust-lang/crates.io-index"

[[package]]
name = "ecmul-bench"
version = "0.1.0"
dependencies = [
 "ethereum-bn128 0.0.1 (git+https://github.com/ewasm/ethereum-bn128.rs?tag=0.0.1)",
 "parity-bytes 0.1.0 (git+https://github.com/paritytech/parity-common)",
 "wee_alloc 0.4.3 (registry+https://github.com/rust-lang/crates.io-index)",
]

[[package]]
name = "ethbloom"
version = "0.5.3"
source = "registry+https://github.com/rust-lang/crates.io-index"
dependencies = [
 "crunchy 0.1.6 (registry+https://github.com/rust-lang/crates.io-index)",
 "ethereum-types-serialize 0.2.2 (registry+https://github.com/rust-lang/crates.io-index)",
 "fixed-hash 0.2.5 (registry+https://github.com/rust-lang/crates.io-index)",
 "serde 1.0.89 (registry+https://github.com/rust-lang/crates.io-index)",
 "tiny-keccak 1.4.2 (registry+https://github.com/rust-lang/crates.io-index)",
]

[[package]]
name = "ethereum-bn128"
version = "0.0.1"
source = "git+https://github.com/ewasm/ethereum-bn128.rs?tag=0.0.1#961c30549d4bcae49dc6a41b110067bcaebdfb91"
dependencies = [
 "bn 0.4.4 (git+https://github.com/paritytech/bn)",
 "ethereum-types 0.3.2 (registry+https://github.com/rust-lang/crates.io-index)",
 "parity-bytes 0.1.0 (git+https://github.com/paritytech/parity-common)",
 "rustc-hex 1.0.0 (registry+https://github.com/rust-lang/crates.io-index)",
]

[[package]]
name = "ethereum-types"
version = "0.3.2"
source = "registry+https://github.com/rust-lang/crates.io-index"
dependencies = [
 "crunchy 0.1.6 (registry+https://github.com/rust-lang/crates.io-index)",
 "ethbloom 0.5.3 (registry+https://github.com/rust-lang/crates.io-index)",
 "ethereum-types-serialize 0.2.2 (registry+https://github.com/rust-lang/crates.io-index)",
 "fixed-hash 0.2.5 (registry+https://github.com/rust-lang/crates.io-index)",
 "rustc_version 0.2.3 (registry+https://github.com/rust-lang/crates.io-index)",
 "serde 1.0.89 (registry+https://github.com/rust-lang/crates.io-index)",
 "uint 0.2.1 (registry+https://github.com/rust-lang/crates.io-index)",
]

[[package]]
name = "ethereum-types-serialize"
version = "0.2.2"
source = "registry+https://github.com/rust-lang/crates.io-index"
dependencies = [
 "serde 1.0.89 (registry+https://github.com/rust-lang/crates.io-index)",
]

[[package]]
name = "fixed-hash"
version = "0.2.5"
source = "registry+https://github.com/rust-lang/crates.io-index"
dependencies = [
 "heapsize 0.4.2 (registry+https://github.com/rust-lang/crates.io-index)",
 "libc 0.2.49 (registry+https://github.com/rust-lang/crates.io-index)",
 "rand 0.4.6 (registry+https://github.com/rust-lang/crates.io-index)",
 "rustc-hex 2.0.1 (registry+https://github.com/rust-lang/crates.io-index)",
]

[[package]]
name = "fuchsia-cprng"
version = "0.1.1"
source = "registry+https://github.com/rust-lang/crates.io-index"

[[package]]
name = "heapsize"
version = "0.4.2"
source = "registry+https://github.com/rust-lang/crates.io-index"
dependencies = [
 "winapi 0.3.6 (registry+https://github.com/rust-lang/crates.io-index)",
]

[[package]]
name = "libc"
version = "0.2.49"
source = "registry+https://github.com/rust-lang/crates.io-index"

[[package]]
name = "memory_units"
version = "0.4.0"
source = "registry+https://github.com/rust-lang/crates.io-index"

[[package]]
name = "parity-bytes"
version = "0.1.0"
source = "git+https://github.com/paritytech/parity-common#a31b51ca312fbc6be2b0719f00b90f9f4e18003d"

[[package]]
name = "rand"
version = "0.4.6"
source = "registry+https://github.com/rust-lang/crates.io-index"
dependencies = [
 "fuchsia-cprng 0.1.1 (registry+https://github.com/rust-lang/crates.io-index)",
 "libc 0.2.49 (registry+https://github.com/rust-lang/crates.io-index)",
 "rand_core 0.3.1 (registry+https://github.com/rust-lang/crates.io-index)",
 "rdrand 0.4.0 (registry+https://github.com/rust-lang/crates.io-index)",
 "winapi 0.3.6 (registry+https://github.com/rust-lang/crates.io-index)",
]

[[package]]
name = "rand"
version = "0.5.6"
source = "registry+https://github.com/rust-lang/crates.io-index"
dependencies = [
 "cloudabi 0.0.3 (registry+https://github.com/rust-lang/crates.io-index)",
 "fuchsia-cprng 0.1.1 (registry+https://github.com/rust-lang/crates.io-index)",
 "libc 0.2.49 (registry+https://github.com/rust-lang/crates.io-index)",
 "rand_core 0.3.1 (registry+https://github.com/rust-lang/crates.io-index)",
 "winapi 0.3.6 (registry+https://github.com/rust-lang/crates.io-index)",
]

[[package]]
name = "rand_core"
version = "0.3.1"
source = "registry+https://github.com/rust-lang/crates.io-index"
dependencies = [
 "rand_core 0.4.0 (registry+https://github.com/rust-lang/crates.io-index)",
]

[[package]]
name = "rand_core"
version = "0.4.0"
source = "registry+https://github.com/rust-lang/crates.io-index"

[[package]]
name = "rdrand"
version = "0.4.0"
source = "registry+https://github.com/rust-lang/crates.io-index"
dependencies = [
 "rand_core 0.3.1 (registry+https://github.com/rust-lang/crates.io-index)",
]

[[package]]
name = "rustc-hex"
version = "1.0.0"
source = "registry+https://github.com/rust-lang/crates.io-index"

[[package]]
name = "rustc-hex"
version = "2.0.1"
source = "registry+https://github.com/rust-lang/crates.io-index"

[[package]]
name = "rustc_version"
version = "0.2.3"
source = "registry+https://github.com/rust-lang/crates.io-index"
dependencies = [
 "semver 0.9.0 (registry+https://github.com/rust-lang/crates.io-index)",
]

[[package]]
name = "semver"
version = "0.9.0"
source = "registry+https://github.com/rust-lang/crates.io-index"
dependencies = [
 "semver-parser 0.7.0 (registry+https://github.com/rust-lang/crates.io-index)",
]

[[package]]
name = "semver-parser"
version = "0.7.0"
source = "registry+https://github.com/rust-lang/crates.io-index"

[[package]]
name = "serde"
version = "1.0.89"
source = "registry+https://github.com/rust-lang/crates.io-index"

[[package]]
name = "tiny-keccak"
version = "1.4.2"
source = "registry+https://github.com/rust-lang/crates.io-index"
dependencies = [
 "crunchy 0.1.6 (registry+https://github.com/rust-lang/crates.io-index)",
]

[[package]]
name = "uint"
version = "0.2.1"
source = "registry+https://github.com/rust-lang/crates.io-index"
dependencies = [
 "byteorder 1.3.1 (registry+https://github.com/rust-lang/crates.io-index)",
 "heapsize 0.4.2 (registry+https://github.com/rust-lang/crates.io-index)",
 "rustc-hex 1.0.0 (registry+https://github.com/rust-lang/crates.io-index)",
 "rustc_version 0.2.3 (registry+https://github.com/rust-lang/crates.io-index)",
]

[[package]]
name = "unreachable"
version = "1.0.0"
source = "registry+https://github.com/rust-lang/crates.io-index"
dependencies = [
 "void 1.0.2 (registry+https://github.com/rust-lang/crates.io-index)",
]

[[package]]
name = "void"
version = "1.0.2"
source = "registry+https://github.com/rust-lang/crates.io-index"

[[package]]
name = "wee_alloc"
version = "0.4.3"
source = "registry+https://github.com/rust-lang/crates.io-index"
dependencies = [
 "cfg-if 0.1.6 (registry+https://github.com/rust-lang/crates.io-index)",
 "libc 0.2.49 (registry+https://github.com/rust-lang/crates.io-index)",
 "memory_units 0.4.0 (registry+https://github.com/rust-lang/crates.io-index)",
 "unreachable 1.0.0 (registry+https://github.com/rust-lang/crates.io-index)",
 "winapi 0.3.6 (registry+https://github.com/rust-lang/crates.io-index)",
]

[[package]]
name = "winapi"
version = "0.3.6"
source = "registry+https://github.com/rust-lang/crates.io-index"
dependencies = [
 "winapi-i686-pc-windows-gnu 0.4.0 (registry+https://github.com/rust-lang/crates.io-index)",
 "winapi-x86_64-pc-windows-gnu 0.4.0 (registry+https://github.com/rust-lang/crates.io-index)",
]

[[package]]
name = "winapi-i686-pc-windows-gnu"
version = "0.4.0"
source = "registry+https://github.com/rust-lang/crates.io-index"

[[package]]
name = "winapi-x86_64-pc-windows-gnu"
version = "0.4.0"
source = "registry+https://github.com/rust-lang/crates.io-index"

[metadata]
"checksum bitflags 1.0.4 (registry+https://github.com/rust-lang/crates.io-index)" = "228047a76f468627ca71776ecdebd732a3423081fcf5125585bcd7c49886ce12"
"checksum bn 0.4.4 (git+https://github.com/paritytech/bn)" = "<none>"
"checksum byteorder 1.3.1 (registry+https://github.com/rust-lang/crates.io-index)" = "a019b10a2a7cdeb292db131fc8113e57ea2a908f6e7894b0c3c671893b65dbeb"
"checksum cfg-if 0.1.6 (registry+https://github.com/rust-lang/crates.io-index)" = "082bb9b28e00d3c9d39cc03e64ce4cea0f1bb9b3fde493f0cbc008472d22bdf4"
"checksum cloudabi 0.0.3 (registry+https://github.com/rust-lang/crates.io-index)" = "ddfc5b9aa5d4507acaf872de71051dfd0e309860e88966e1051e462a077aac4f"
"checksum crunchy 0.1.6 (registry+https://github.com/rust-lang/crates.io-index)" = "a2f4a431c5c9f662e1200b7c7f02c34e91361150e382089a8f2dec3ba680cbda"
"checksum crunchy 0.2.1 (registry+https://github.com/rust-lang/crates.io-index)" = "c240f247c278fa08a6d4820a6a222bfc6e0d999e51ba67be94f44c905b2161f2"
"checksum ethbloom 0.5.3 (registry+https://github.com/rust-lang/crates.io-index)" = "a6294da962646baa738414e8e718d1a1f0360a51d92de89ccbf91870418f5360"
"checksum ethereum-bn128 0.0.1 (git+https://github.com/ewasm/ethereum-bn128.rs?tag=0.0.1)" = "<none>"
"checksum ethereum-types 0.3.2 (registry+https://github.com/rust-lang/crates.io-index)" = "9c48729b8aea8aedb12cf4cb2e5cef439fdfe2dda4a89e47eeebd15778ef53b6"
"checksum ethereum-types-serialize 0.2.2 (registry+https://github.com/rust-lang/crates.io-index)" = "1873d77b32bc1891a79dad925f2acbc318ee942b38b9110f9dbc5fbeffcea350"
"checksum fixed-hash 0.2.5 (registry+https://github.com/rust-lang/crates.io-index)" = "7afe6ce860afb14422711595a7b26ada9ed7de2f43c0b2ab79d09ee196287273"
"checksum fuchsia-cprng 0.1.1 (registry+https://github.com/rust-lang/crates.io-index)" = "a06f77d526c1a601b7c4cdd98f54b5eaabffc14d5f2f0296febdc7f357c6d3ba"
"checksum heapsize 0.4.2 (registry+https://github.com/rust-lang/crates.io-index)" = "1679e6ea370dee694f91f1dc469bf94cf8f52051d147aec3e1f9497c6fc22461"
"checksum libc 0.2.49 (registry+https://github.com/rust-lang/crates.io-index)" = "413f3dfc802c5dc91dc570b05125b6cda9855edfaa9825c9849807876376e70e"
"checksum memory_units 0.4.0 (registry+https://github.com/rust-lang/crates.io-index)" = "8452105ba047068f40ff7093dd1d9da90898e63dd61736462e9cdda6a90ad3c3"
"checksum parity-bytes 0.1.0 (git+https://github.com/paritytech/parity-common)" = "<none>"
"checksum rand 0.4.6 (registry+https://github.com/rust-lang/crates.io-index)" = "552840b97013b1a26992c11eac34bdd778e464601a4c2054b5f0bff7c6761293"
"checksum rand 0.5.6 (registry+https://github.com/rust-lang/crates.io-index)" = "c618c47cd3ebd209790115ab837de41425723956ad3ce2e6a7f09890947cacb9"
"checksum rand_core 0.3.1 (registry+https://github.com/rust-lang/crates.io-index)" = "7a6fdeb83b075e8266dcc8762c22776f6877a63111121f5f8c7411e5be7eed4b"
"checksum rand_core 0.4.0 (registry+https://github.com/rust-lang/crates.io-index)" = "d0e7a549d590831370895ab7ba4ea0c1b6b011d106b5ff2da6eee112615e6dc0"
"checksum rdrand 0.4.0 (registry+https://github.com/rust-lang/crates.io-index)" = "678054eb77286b51581ba43620cc911abf02758c91f93f479767aed0f90458b2"
"checksum rustc-hex 1.0.0 (registry+https://github.com/rust-lang/crates.io-index)" = "0ceb8ce7a5e520de349e1fa172baeba4a9e8d5ef06c47471863530bc4972ee1e"
"checksum rustc-hex 2.0.1 (registry+https://github.com/rust-lang/crates.io-index)" = "403bb3a286107a04825a5f82e1270acc1e14028d3d554d7a1e08914549575ab8"
"checksum rustc_version 0.2.3 (registry+https://github.com/rust-lang/crates.io-index)" = "138e3e0acb6c9fb258b19b67cb8abd63c00679d2851805ea151465464fe9030a"
"checksum semver 0.9.0 (registry+https://github.com/rust-lang/crates.io-index)" = "1d7eb9ef2c18661902cc47e535f9bc51b78acd254da71d375c2f6720d9a40403"
"checksum semver-parser 0.7.0 (registry+https://github.com/rust-lang/crates.io-index)" = "388a1df253eca08550bef6c72392cfe7c30914bf41df5269b68cbd6ff8f570a3"
"checksum serde 1.0.89 (registry+https://github.com/rust-lang/crates.io-index)" = "92514fb95f900c9b5126e32d020f5c6d40564c27a5ea6d1d7d9f157a96623560"
"checksum tiny-keccak 1.4.2 (registry+https://github.com/rust-lang/crates.io-index)" = "e9175261fbdb60781fcd388a4d6cc7e14764a2b629a7ad94abb439aed223a44f"
"checksum uint 0.2.1 (registry+https://github.com/rust-lang/crates.io-index)" = "38051a96565903d81c9a9210ce11076b2218f3b352926baa1f5f6abbdfce8273"
"checksum unreachable 1.0.0 (registry+https://github.com/rust-lang/crates.io-index)" = "382810877fe448991dfc7f0dd6e3ae5d58088fd0ea5e35189655f84e6814fa56"
"checksum void 1.0.2 (registry+https://github.com/rust-lang/crates.io-index)" = "6a02e4885ed3bc0f2de90ea6dd45ebcbb66dacffe03547fadbb0eeae2770887d"
"checksum wee_alloc 0.4.3 (registry+https://github.com/rust-lang/crates.io-index)" = "e841fed992c6c70cf2af5dbcffb0d988b1a7ffc5177ae4fb714ed14944b39d0a"
"checksum winapi 0.3.6 (registry+https://github.com/rust-lang/crates.io-index)" = "92c1eb33641e276cfa214a0522acad57be5c56b10cb348b3c5117db75f3ac4b0"
"checksum winapi-i686-pc-windows-gnu 0.4.0 (registry+https://github.com/rust-lang/crates.io-index)" = "ac3b87c63620426dd9b991e5ce0329eff545bccbbb34f3be09ff6fb6ab51b7b6"
"checksum winapi-x86_64-pc-windows-gnu 0.4.0 (registry+https://github.com/rust-lang/crates.io-index)" = "712e227841d057c1ee1cd2fb22fa7e5a5461ae8e48fa2ca79ec42cfc1931183f"
